// !$*UTF8*$!
{
	archiveVersion = 1;
	classes = {
	};
	objectVersion = 51;
	objects = {

/* Begin PBXBuildFile section */
		3F0A8EC02447F50900A90C08 /* Resource.swift in Sources */ = {isa = PBXBuildFile; fileRef = 3F0A8EBF2447F50900A90C08 /* Resource.swift */; };
		3F0A8EC22447F52300A90C08 /* DetailViewController.swift in Sources */ = {isa = PBXBuildFile; fileRef = 3F0A8EC12447F52300A90C08 /* DetailViewController.swift */; };
		3F0A8EC42447F53600A90C08 /* ImageTableViewController.swift in Sources */ = {isa = PBXBuildFile; fileRef = 3F0A8EC32447F53600A90C08 /* ImageTableViewController.swift */; };
		3F35536E244674D200D87205 /* SignupViewController.swift in Sources */ = {isa = PBXBuildFile; fileRef = 3F35536D244674D200D87205 /* SignupViewController.swift */; };
		3F3EFDE02447CFE900A0C1C0 /* QuestionsBank.swift in Sources */ = {isa = PBXBuildFile; fileRef = 3F3EFDDF2447CFE900A0C1C0 /* QuestionsBank.swift */; };
		3F3EFDE22447D02700A0C1C0 /* Question.swift in Sources */ = {isa = PBXBuildFile; fileRef = 3F3EFDE12447D02700A0C1C0 /* Question.swift */; };
		3F3EFDE42447D0E500A0C1C0 /* QuizzViewController.swift in Sources */ = {isa = PBXBuildFile; fileRef = 3F3EFDE32447D0E500A0C1C0 /* QuizzViewController.swift */; };
		3F7245292408E5E000D13298 /* GameViewController.swift in Sources */ = {isa = PBXBuildFile; fileRef = 3F7245282408E5E000D13298 /* GameViewController.swift */; };
		3F79D5C0240A0C49002A7B71 /* DashboardViewController.swift in Sources */ = {isa = PBXBuildFile; fileRef = 3F79D5BF240A0C49002A7B71 /* DashboardViewController.swift */; };
		3F7D0C0E2446461200051A29 /* LoginViewController.swift in Sources */ = {isa = PBXBuildFile; fileRef = 3F7D0C0D2446461200051A29 /* LoginViewController.swift */; };
		3F7D0C1024464FDA00051A29 /* GoogleService-Info.plist in Resources */ = {isa = PBXBuildFile; fileRef = 3F7D0C0F24464FDA00051A29 /* GoogleService-Info.plist */; };
		3FC64DA62407252000942AF1 /* AppDelegate.swift in Sources */ = {isa = PBXBuildFile; fileRef = 3FC64DA52407252000942AF1 /* AppDelegate.swift */; };
		3FC64DA82407252000942AF1 /* SceneDelegate.swift in Sources */ = {isa = PBXBuildFile; fileRef = 3FC64DA72407252000942AF1 /* SceneDelegate.swift */; };
		3FC64DAC2407252000942AF1 /* QuizViewController.swift in Sources */ = {isa = PBXBuildFile; fileRef = 3FC64DAB2407252000942AF1 /* QuizViewController.swift */; };
		3FC64DAF2407252000942AF1 /* Main.storyboard in Resources */ = {isa = PBXBuildFile; fileRef = 3FC64DAD2407252000942AF1 /* Main.storyboard */; };
		3FC64DB12407252200942AF1 /* Assets.xcassets in Resources */ = {isa = PBXBuildFile; fileRef = 3FC64DB02407252200942AF1 /* Assets.xcassets */; };
		3FC64DB42407252200942AF1 /* LaunchScreen.storyboard in Resources */ = {isa = PBXBuildFile; fileRef = 3FC64DB22407252200942AF1 /* LaunchScreen.storyboard */; };
		D265353D099A07E4078EC524 /* Pods_Women_in_Computing.framework in Frameworks */ = {isa = PBXBuildFile; fileRef = 270E6673B85B72444BFD80F9 /* Pods_Women_in_Computing.framework */; };
/* End PBXBuildFile section */

/* Begin PBXFileReference section */
		13CE6A731F93D806FC39063F /* Pods-Women in Computing.debug.xcconfig */ = {isa = PBXFileReference; includeInIndex = 1; lastKnownFileType = text.xcconfig; name = "Pods-Women in Computing.debug.xcconfig"; path = "Target Support Files/Pods-Women in Computing/Pods-Women in Computing.debug.xcconfig"; sourceTree = "<group>"; };
		270E6673B85B72444BFD80F9 /* Pods_Women_in_Computing.framework */ = {isa = PBXFileReference; explicitFileType = wrapper.framework; includeInIndex = 0; path = Pods_Women_in_Computing.framework; sourceTree = BUILT_PRODUCTS_DIR; };
		39B05D19C566C49D4A4A1D07 /* Pods-Women in Computing.release.xcconfig */ = {isa = PBXFileReference; includeInIndex = 1; lastKnownFileType = text.xcconfig; name = "Pods-Women in Computing.release.xcconfig"; path = "Target Support Files/Pods-Women in Computing/Pods-Women in Computing.release.xcconfig"; sourceTree = "<group>"; };
		3F0A8EBF2447F50900A90C08 /* Resource.swift */ = {isa = PBXFileReference; lastKnownFileType = sourcecode.swift; path = Resource.swift; sourceTree = "<group>"; };
		3F0A8EC12447F52300A90C08 /* DetailViewController.swift */ = {isa = PBXFileReference; lastKnownFileType = sourcecode.swift; path = DetailViewController.swift; sourceTree = "<group>"; };
		3F0A8EC32447F53600A90C08 /* ImageTableViewController.swift */ = {isa = PBXFileReference; lastKnownFileType = sourcecode.swift; path = ImageTableViewController.swift; sourceTree = "<group>"; };
		3F35536D244674D200D87205 /* SignupViewController.swift */ = {isa = PBXFileReference; lastKnownFileType = sourcecode.swift; path = SignupViewController.swift; sourceTree = "<group>"; };
		3F3EFDDF2447CFE900A0C1C0 /* QuestionsBank.swift */ = {isa = PBXFileReference; lastKnownFileType = sourcecode.swift; path = QuestionsBank.swift; sourceTree = "<group>"; };
		3F3EFDE12447D02700A0C1C0 /* Question.swift */ = {isa = PBXFileReference; lastKnownFileType = sourcecode.swift; path = Question.swift; sourceTree = "<group>"; };
		3F3EFDE32447D0E500A0C1C0 /* QuizzViewController.swift */ = {isa = PBXFileReference; lastKnownFileType = sourcecode.swift; path = QuizzViewController.swift; sourceTree = "<group>"; };
		3F7245282408E5E000D13298 /* GameViewController.swift */ = {isa = PBXFileReference; lastKnownFileType = sourcecode.swift; path = GameViewController.swift; sourceTree = "<group>"; };
		3F79D5BF240A0C49002A7B71 /* DashboardViewController.swift */ = {isa = PBXFileReference; lastKnownFileType = sourcecode.swift; path = DashboardViewController.swift; sourceTree = "<group>"; };
		3F7D0C0D2446461200051A29 /* LoginViewController.swift */ = {isa = PBXFileReference; lastKnownFileType = sourcecode.swift; path = LoginViewController.swift; sourceTree = "<group>"; };
		3F7D0C0F24464FDA00051A29 /* GoogleService-Info.plist */ = {isa = PBXFileReference; fileEncoding = 4; lastKnownFileType = text.plist.xml; path = "GoogleService-Info.plist"; sourceTree = "<group>"; };
		3FC64DA22407252000942AF1 /* Women in Computing.app */ = {isa = PBXFileReference; explicitFileType = wrapper.application; includeInIndex = 0; path = "Women in Computing.app"; sourceTree = BUILT_PRODUCTS_DIR; };
		3FC64DA52407252000942AF1 /* AppDelegate.swift */ = {isa = PBXFileReference; lastKnownFileType = sourcecode.swift; path = AppDelegate.swift; sourceTree = "<group>"; };
		3FC64DA72407252000942AF1 /* SceneDelegate.swift */ = {isa = PBXFileReference; lastKnownFileType = sourcecode.swift; path = SceneDelegate.swift; sourceTree = "<group>"; };
		3FC64DAB2407252000942AF1 /* QuizViewController.swift */ = {isa = PBXFileReference; lastKnownFileType = sourcecode.swift; path = QuizViewController.swift; sourceTree = "<group>"; };
		3FC64DAE2407252000942AF1 /* Base */ = {isa = PBXFileReference; lastKnownFileType = file.storyboard; name = Base; path = Base.lproj/Main.storyboard; sourceTree = "<group>"; };
		3FC64DB02407252200942AF1 /* Assets.xcassets */ = {isa = PBXFileReference; lastKnownFileType = folder.assetcatalog; path = Assets.xcassets; sourceTree = "<group>"; };
		3FC64DB32407252200942AF1 /* Base */ = {isa = PBXFileReference; lastKnownFileType = file.storyboard; name = Base; path = Base.lproj/LaunchScreen.storyboard; sourceTree = "<group>"; };
		3FC64DB52407252200942AF1 /* Info.plist */ = {isa = PBXFileReference; lastKnownFileType = text.plist.xml; path = Info.plist; sourceTree = "<group>"; };
/* End PBXFileReference section */

/* Begin PBXFrameworksBuildPhase section */
		3FC64D9F2407252000942AF1 /* Frameworks */ = {
			isa = PBXFrameworksBuildPhase;
			buildActionMask = 2147483647;
			files = (
				D265353D099A07E4078EC524 /* Pods_Women_in_Computing.framework in Frameworks */,
			);
			runOnlyForDeploymentPostprocessing = 0;
		};
/* End PBXFrameworksBuildPhase section */

/* Begin PBXGroup section */
		3FC64D992407252000942AF1 = {
			isa = PBXGroup;
			children = (
				3FC64DA42407252000942AF1 /* Women in Computing */,
				3FC64DA32407252000942AF1 /* Products */,
				D2272152F8D5A795B7F40A67 /* Pods */,
				805E827609ACA8A2F55AA897 /* Frameworks */,
			);
			sourceTree = "<group>";
		};
		3FC64DA32407252000942AF1 /* Products */ = {
			isa = PBXGroup;
			children = (
				3FC64DA22407252000942AF1 /* Women in Computing.app */,
			);
			name = Products;
			sourceTree = "<group>";
		};
		3FC64DA42407252000942AF1 /* Women in Computing */ = {
			isa = PBXGroup;
			children = (
				3FC64DA52407252000942AF1 /* AppDelegate.swift */,
				3FC64DA72407252000942AF1 /* SceneDelegate.swift */,
				3F79D5BF240A0C49002A7B71 /* DashboardViewController.swift */,
				3FC64DAB2407252000942AF1 /* QuizViewController.swift */,
				3FC64DAD2407252000942AF1 /* Main.storyboard */,
				3F35536D244674D200D87205 /* SignupViewController.swift */,
				3F7D0C0D2446461200051A29 /* LoginViewController.swift */,
				3FC64DB02407252200942AF1 /* Assets.xcassets */,
				3FC64DB22407252200942AF1 /* LaunchScreen.storyboard */,
				3F7D0C0F24464FDA00051A29 /* GoogleService-Info.plist */,
				3FC64DB52407252200942AF1 /* Info.plist */,
				3F7245282408E5E000D13298 /* GameViewController.swift */,
				3F3EFDDF2447CFE900A0C1C0 /* QuestionsBank.swift */,
				3F3EFDE12447D02700A0C1C0 /* Question.swift */,
				3F3EFDE32447D0E500A0C1C0 /* QuizzViewController.swift */,
				3F0A8EBF2447F50900A90C08 /* Resource.swift */,
				3F0A8EC12447F52300A90C08 /* DetailViewController.swift */,
				3F0A8EC32447F53600A90C08 /* ImageTableViewController.swift */,
			);
			path = "Women in Computing";
			sourceTree = "<group>";
		};
		805E827609ACA8A2F55AA897 /* Frameworks */ = {
			isa = PBXGroup;
			children = (
				270E6673B85B72444BFD80F9 /* Pods_Women_in_Computing.framework */,
			);
			name = Frameworks;
			sourceTree = "<group>";
		};
		D2272152F8D5A795B7F40A67 /* Pods */ = {
			isa = PBXGroup;
			children = (
				13CE6A731F93D806FC39063F /* Pods-Women in Computing.debug.xcconfig */,
				39B05D19C566C49D4A4A1D07 /* Pods-Women in Computing.release.xcconfig */,
			);
			path = Pods;
			sourceTree = "<group>";
		};
/* End PBXGroup section */

/* Begin PBXNativeTarget section */
		3FC64DA12407252000942AF1 /* Women in Computing */ = {
			isa = PBXNativeTarget;
			buildConfigurationList = 3FC64DB82407252200942AF1 /* Build configuration list for PBXNativeTarget "Women in Computing" */;
			buildPhases = (
				7C52CA9CFEB74B39192DB082 /* [CP] Check Pods Manifest.lock */,
				3FC64D9E2407252000942AF1 /* Sources */,
				3FC64D9F2407252000942AF1 /* Frameworks */,
				3FC64DA02407252000942AF1 /* Resources */,
				3C036C96CD8F15165F8660A0 /* [CP] Embed Pods Frameworks */,
				F112A2B0BD18C4881F74F31F /* [CP] Copy Pods Resources */,
			);
			buildRules = (
			);
			dependencies = (
			);
			name = "Women in Computing";
			productName = "Women in Computing";
			productReference = 3FC64DA22407252000942AF1 /* Women in Computing.app */;
			productType = "com.apple.product-type.application";
		};
/* End PBXNativeTarget section */

/* Begin PBXProject section */
		3FC64D9A2407252000942AF1 /* Project object */ = {
			isa = PBXProject;
			attributes = {
				LastSwiftUpdateCheck = 1130;
				LastUpgradeCheck = 1130;
				ORGANIZATIONNAME = Alekya;
				TargetAttributes = {
					3FC64DA12407252000942AF1 = {
						CreatedOnToolsVersion = 11.3.1;
					};
				};
			};
			buildConfigurationList = 3FC64D9D2407252000942AF1 /* Build configuration list for PBXProject "Women in Computing" */;
			compatibilityVersion = "Xcode 9.3";
			developmentRegion = en;
			hasScannedForEncodings = 0;
			knownRegions = (
				en,
				Base,
			);
			mainGroup = 3FC64D992407252000942AF1;
			productRefGroup = 3FC64DA32407252000942AF1 /* Products */;
			projectDirPath = "";
			projectRoot = "";
			targets = (
				3FC64DA12407252000942AF1 /* Women in Computing */,
			);
		};
/* End PBXProject section */

/* Begin PBXResourcesBuildPhase section */
		3FC64DA02407252000942AF1 /* Resources */ = {
			isa = PBXResourcesBuildPhase;
			buildActionMask = 2147483647;
			files = (
				3FC64DB42407252200942AF1 /* LaunchScreen.storyboard in Resources */,
				3FC64DB12407252200942AF1 /* Assets.xcassets in Resources */,
				3FC64DAF2407252000942AF1 /* Main.storyboard in Resources */,
				3F7D0C1024464FDA00051A29 /* GoogleService-Info.plist in Resources */,
			);
			runOnlyForDeploymentPostprocessing = 0;
		};
/* End PBXResourcesBuildPhase section */

/* Begin PBXShellScriptBuildPhase section */
		3C036C96CD8F15165F8660A0 /* [CP] Embed Pods Frameworks */ = {
			isa = PBXShellScriptBuildPhase;
			buildActionMask = 2147483647;
			files = (
			);
			inputFileListPaths = (
				"${PODS_ROOT}/Target Support Files/Pods-Women in Computing/Pods-Women in Computing-frameworks-${CONFIGURATION}-input-files.xcfilelist",
			);
			name = "[CP] Embed Pods Frameworks";
			outputFileListPaths = (
				"${PODS_ROOT}/Target Support Files/Pods-Women in Computing/Pods-Women in Computing-frameworks-${CONFIGURATION}-output-files.xcfilelist",
			);
			runOnlyForDeploymentPostprocessing = 0;
			shellPath = /bin/sh;
			shellScript = "\"${PODS_ROOT}/Target Support Files/Pods-Women in Computing/Pods-Women in Computing-frameworks.sh\"\n";
			showEnvVarsInLog = 0;
		};
		7C52CA9CFEB74B39192DB082 /* [CP] Check Pods Manifest.lock */ = {
			isa = PBXShellScriptBuildPhase;
			buildActionMask = 2147483647;
			files = (
			);
			inputFileListPaths = (
			);
			inputPaths = (
				"${PODS_PODFILE_DIR_PATH}/Podfile.lock",
				"${PODS_ROOT}/Manifest.lock",
			);
			name = "[CP] Check Pods Manifest.lock";
			outputFileListPaths = (
			);
			outputPaths = (
				"$(DERIVED_FILE_DIR)/Pods-Women in Computing-checkManifestLockResult.txt",
			);
			runOnlyForDeploymentPostprocessing = 0;
			shellPath = /bin/sh;
			shellScript = "diff \"${PODS_PODFILE_DIR_PATH}/Podfile.lock\" \"${PODS_ROOT}/Manifest.lock\" > /dev/null\nif [ $? != 0 ] ; then\n    # print error to STDERR\n    echo \"error: The sandbox is not in sync with the Podfile.lock. Run 'pod install' or update your CocoaPods installation.\" >&2\n    exit 1\nfi\n# This output is used by Xcode 'outputs' to avoid re-running this script phase.\necho \"SUCCESS\" > \"${SCRIPT_OUTPUT_FILE_0}\"\n";
			showEnvVarsInLog = 0;
		};
		F112A2B0BD18C4881F74F31F /* [CP] Copy Pods Resources */ = {
			isa = PBXShellScriptBuildPhase;
			buildActionMask = 2147483647;
			files = (
			);
			inputFileListPaths = (
				"${PODS_ROOT}/Target Support Files/Pods-Women in Computing/Pods-Women in Computing-resources-${CONFIGURATION}-input-files.xcfilelist",
			);
			name = "[CP] Copy Pods Resources";
			outputFileListPaths = (
				"${PODS_ROOT}/Target Support Files/Pods-Women in Computing/Pods-Women in Computing-resources-${CONFIGURATION}-output-files.xcfilelist",
			);
			runOnlyForDeploymentPostprocessing = 0;
			shellPath = /bin/sh;
			shellScript = "\"${PODS_ROOT}/Target Support Files/Pods-Women in Computing/Pods-Women in Computing-resources.sh\"\n";
			showEnvVarsInLog = 0;
		};
/* End PBXShellScriptBuildPhase section */

/* Begin PBXSourcesBuildPhase section */
		3FC64D9E2407252000942AF1 /* Sources */ = {
			isa = PBXSourcesBuildPhase;
			buildActionMask = 2147483647;
			files = (
				3F0A8EC22447F52300A90C08 /* DetailViewController.swift in Sources */,
				3F3EFDE22447D02700A0C1C0 /* Question.swift in Sources */,
				3F7D0C0E2446461200051A29 /* LoginViewController.swift in Sources */,
				3FC64DAC2407252000942AF1 /* QuizViewController.swift in Sources */,
				3F3EFDE42447D0E500A0C1C0 /* QuizzViewController.swift in Sources */,
				3F3EFDE02447CFE900A0C1C0 /* QuestionsBank.swift in Sources */,
				3F0A8EC42447F53600A90C08 /* ImageTableViewController.swift in Sources */,
				3FC64DA62407252000942AF1 /* AppDelegate.swift in Sources */,
				3F7245292408E5E000D13298 /* GameViewController.swift in Sources */,
				3F35536E244674D200D87205 /* SignupViewController.swift in Sources */,
				3F0A8EC02447F50900A90C08 /* Resource.swift in Sources */,
				3F79D5C0240A0C49002A7B71 /* DashboardViewController.swift in Sources */,
				3FC64DA82407252000942AF1 /* SceneDelegate.swift in Sources */,
			);
			runOnlyForDeploymentPostprocessing = 0;
		};
/* End PBXSourcesBuildPhase section */

/* Begin PBXVariantGroup section */
		3FC64DAD2407252000942AF1 /* Main.storyboard */ = {
			isa = PBXVariantGroup;
			children = (
				3FC64DAE2407252000942AF1 /* Base */,
			);
			name = Main.storyboard;
			sourceTree = "<group>";
		};
		3FC64DB22407252200942AF1 /* LaunchScreen.storyboard */ = {
			isa = PBXVariantGroup;
			children = (
				3FC64DB32407252200942AF1 /* Base */,
			);
			name = LaunchScreen.storyboard;
			sourceTree = "<group>";
		};
/* End PBXVariantGroup section */

/* Begin XCBuildConfiguration section */
		3FC64DB62407252200942AF1 /* Debug */ = {
			isa = XCBuildConfiguration;
			buildSettings = {
				ALWAYS_SEARCH_USER_PATHS = NO;
				CLANG_ANALYZER_NONNULL = YES;
				CLANG_ANALYZER_NUMBER_OBJECT_CONVERSION = YES_AGGRESSIVE;
				CLANG_CXX_LANGUAGE_STANDARD = "gnu++14";
				CLANG_CXX_LIBRARY = "libc++";
				CLANG_ENABLE_MODULES = YES;
				CLANG_ENABLE_OBJC_ARC = YES;
				CLANG_ENABLE_OBJC_WEAK = YES;
				CLANG_WARN_BLOCK_CAPTURE_AUTORELEASING = YES;
				CLANG_WARN_BOOL_CONVERSION = YES;
				CLANG_WARN_COMMA = YES;
				CLANG_WARN_CONSTANT_CONVERSION = YES;
				CLANG_WARN_DEPRECATED_OBJC_IMPLEMENTATIONS = YES;
				CLANG_WARN_DIRECT_OBJC_ISA_USAGE = YES_ERROR;
				CLANG_WARN_DOCUMENTATION_COMMENTS = YES;
				CLANG_WARN_EMPTY_BODY = YES;
				CLANG_WARN_ENUM_CONVERSION = YES;
				CLANG_WARN_INFINITE_RECURSION = YES;
				CLANG_WARN_INT_CONVERSION = YES;
				CLANG_WARN_NON_LITERAL_NULL_CONVERSION = YES;
				CLANG_WARN_OBJC_IMPLICIT_RETAIN_SELF = YES;
				CLANG_WARN_OBJC_LITERAL_CONVERSION = YES;
				CLANG_WARN_OBJC_ROOT_CLASS = YES_ERROR;
				CLANG_WARN_RANGE_LOOP_ANALYSIS = YES;
				CLANG_WARN_STRICT_PROTOTYPES = YES;
				CLANG_WARN_SUSPICIOUS_MOVE = YES;
				CLANG_WARN_UNGUARDED_AVAILABILITY = YES_AGGRESSIVE;
				CLANG_WARN_UNREACHABLE_CODE = YES;
				CLANG_WARN__DUPLICATE_METHOD_MATCH = YES;
				COPY_PHASE_STRIP = NO;
				DEBUG_INFORMATION_FORMAT = dwarf;
				ENABLE_STRICT_OBJC_MSGSEND = YES;
				ENABLE_TESTABILITY = YES;
				GCC_C_LANGUAGE_STANDARD = gnu11;
				GCC_DYNAMIC_NO_PIC = NO;
				GCC_NO_COMMON_BLOCKS = YES;
				GCC_OPTIMIZATION_LEVEL = 0;
				GCC_PREPROCESSOR_DEFINITIONS = (
					"DEBUG=1",
					"$(inherited)",
				);
				GCC_WARN_64_TO_32_BIT_CONVERSION = YES;
				GCC_WARN_ABOUT_RETURN_TYPE = YES_ERROR;
				GCC_WARN_UNDECLARED_SELECTOR = YES;
				GCC_WARN_UNINITIALIZED_AUTOS = YES_AGGRESSIVE;
				GCC_WARN_UNUSED_FUNCTION = YES;
				GCC_WARN_UNUSED_VARIABLE = YES;
				IPHONEOS_DEPLOYMENT_TARGET = 13.2;
				MTL_ENABLE_DEBUG_INFO = INCLUDE_SOURCE;
				MTL_FAST_MATH = YES;
				ONLY_ACTIVE_ARCH = YES;
				SDKROOT = iphoneos;
				SWIFT_ACTIVE_COMPILATION_CONDITIONS = DEBUG;
				SWIFT_OPTIMIZATION_LEVEL = "-Onone";
			};
			name = Debug;
		};
		3FC64DB72407252200942AF1 /* Release */ = {
			isa = XCBuildConfiguration;
			buildSettings = {
				ALWAYS_SEARCH_USER_PATHS = NO;
				CLANG_ANALYZER_NONNULL = YES;
				CLANG_ANALYZER_NUMBER_OBJECT_CONVERSION = YES_AGGRESSIVE;
				CLANG_CXX_LANGUAGE_STANDARD = "gnu++14";
				CLANG_CXX_LIBRARY = "libc++";
				CLANG_ENABLE_MODULES = YES;
				CLANG_ENABLE_OBJC_ARC = YES;
				CLANG_ENABLE_OBJC_WEAK = YES;
				CLANG_WARN_BLOCK_CAPTURE_AUTORELEASING = YES;
				CLANG_WARN_BOOL_CONVERSION = YES;
				CLANG_WARN_COMMA = YES;
				CLANG_WARN_CONSTANT_CONVERSION = YES;
				CLANG_WARN_DEPRECATED_OBJC_IMPLEMENTATIONS = YES;
				CLANG_WARN_DIRECT_OBJC_ISA_USAGE = YES_ERROR;
				CLANG_WARN_DOCUMENTATION_COMMENTS = YES;
				CLANG_WARN_EMPTY_BODY = YES;
				CLANG_WARN_ENUM_CONVERSION = YES;
				CLANG_WARN_INFINITE_RECURSION = YES;
				CLANG_WARN_INT_CONVERSION = YES;
				CLANG_WARN_NON_LITERAL_NULL_CONVERSION = YES;
				CLANG_WARN_OBJC_IMPLICIT_RETAIN_SELF = YES;
				CLANG_WARN_OBJC_LITERAL_CONVERSION = YES;
				CLANG_WARN_OBJC_ROOT_CLASS = YES_ERROR;
				CLANG_WARN_RANGE_LOOP_ANALYSIS = YES;
				CLANG_WARN_STRICT_PROTOTYPES = YES;
				CLANG_WARN_SUSPICIOUS_MOVE = YES;
				CLANG_WARN_UNGUARDED_AVAILABILITY = YES_AGGRESSIVE;
				CLANG_WARN_UNREACHABLE_CODE = YES;
				CLANG_WARN__DUPLICATE_METHOD_MATCH = YES;
				COPY_PHASE_STRIP = NO;
				DEBUG_INFORMATION_FORMAT = "dwarf-with-dsym";
				ENABLE_NS_ASSERTIONS = NO;
				ENABLE_STRICT_OBJC_MSGSEND = YES;
				GCC_C_LANGUAGE_STANDARD = gnu11;
				GCC_NO_COMMON_BLOCKS = YES;
				GCC_WARN_64_TO_32_BIT_CONVERSION = YES;
				GCC_WARN_ABOUT_RETURN_TYPE = YES_ERROR;
				GCC_WARN_UNDECLARED_SELECTOR = YES;
				GCC_WARN_UNINITIALIZED_AUTOS = YES_AGGRESSIVE;
				GCC_WARN_UNUSED_FUNCTION = YES;
				GCC_WARN_UNUSED_VARIABLE = YES;
				IPHONEOS_DEPLOYMENT_TARGET = 13.2;
				MTL_ENABLE_DEBUG_INFO = NO;
				MTL_FAST_MATH = YES;
				SDKROOT = iphoneos;
				SWIFT_COMPILATION_MODE = wholemodule;
				SWIFT_OPTIMIZATION_LEVEL = "-O";
				VALIDATE_PRODUCT = YES;
			};
			name = Release;
		};
		3FC64DB92407252200942AF1 /* Debug */ = {
			isa = XCBuildConfiguration;
			baseConfigurationReference = 13CE6A731F93D806FC39063F /* Pods-Women in Computing.debug.xcconfig */;
			buildSettings = {
				ASSETCATALOG_COMPILER_APPICON_NAME = AppIcon;
				CODE_SIGN_STYLE = Automatic;
				INFOPLIST_FILE = "Women in Computing/Info.plist";
				LD_RUNPATH_SEARCH_PATHS = (
					"$(inherited)",
					"@executable_path/Frameworks",
				);
				PRODUCT_BUNDLE_IDENTIFIER = rw.firebase.gettingstarted;
				PRODUCT_NAME = "$(TARGET_NAME)";
				SWIFT_VERSION = 5.0;
				TARGETED_DEVICE_FAMILY = "1,2";
			};
			name = Debug;
		};
		3FC64DBA2407252200942AF1 /* Release */ = {
			isa = XCBuildConfiguration;
			baseConfigurationReference = 39B05D19C566C49D4A4A1D07 /* Pods-Women in Computing.release.xcconfig */;
			buildSettings = {
				ASSETCATALOG_COMPILER_APPICON_NAME = AppIcon;
				CODE_SIGN_STYLE = Automatic;
				INFOPLIST_FILE = "Women in Computing/Info.plist";
				LD_RUNPATH_SEARCH_PATHS = (
					"$(inherited)",
					"@executable_path/Frameworks",
				);
				PRODUCT_BUNDLE_IDENTIFIER = rw.firebase.gettingstarted;
				PRODUCT_NAME = "$(TARGET_NAME)";
				SWIFT_VERSION = 5.0;
				TARGETED_DEVICE_FAMILY = "1,2";
			};
			name = Release;
		};
/* End XCBuildConfiguration section */

/* Begin XCConfigurationList section */
		3FC64D9D2407252000942AF1 /* Build configuration list for PBXProject "Women in Computing" */ = {
			isa = XCConfigurationList;
			buildConfigurations = (
				3FC64DB62407252200942AF1 /* Debug */,
				3FC64DB72407252200942AF1 /* Release */,
			);
			defaultConfigurationIsVisible = 0;
			defaultConfigurationName = Release;
		};
		3FC64DB82407252200942AF1 /* Build configuration list for PBXNativeTarget "Women in Computing" */ = {
			isa = XCConfigurationList;
			buildConfigurations = (
				3FC64DB92407252200942AF1 /* Debug */,
				3FC64DBA2407252200942AF1 /* Release */,
			);
			defaultConfigurationIsVisible = 0;
			defaultConfigurationName = Release;
		};
/* End XCConfigurationList section */
	};
	rootObject = 3FC64D9A2407252000942AF1 /* Project object */;
}
